
Microsoft Visual Studio Solution File, Format Version 12.00
# Visual Studio Version 17
VisualStudioVersion = 17.0.31903.59
MinimumVisualStudioVersion = 10.0.40219.1
Project("{FAE04EC0-301F-11D3-BF4B-00C04F79EFBC}") = "API", "API\API.csproj", "{3857CE6D-CF0F-4F14-B7DB-2C265AD61BF9}"
EndProject
Project("{FAE04EC0-301F-11D3-BF4B-00C04F79EFBC}") = "Application", "Application\Application.csproj", "{714CC154-658A-4FF5-AC25-598BBF0175EE}"
EndProject
Project("{FAE04EC0-301F-11D3-BF4B-00C04F79EFBC}") = "Domain", "Domain\Domain.csproj", "{D1D55A34-6F55-43DD-8E76-1199110A7684}"
EndProject
Project("{FAE04EC0-301F-11D3-BF4B-00C04F79EFBC}") = "Persistence", "Persistence\Persistence.csproj", "{C4C4FA91-9ADE-4BBE-8313-740A9194ACDC}"
EndProject
Global
	GlobalSection(SolutionConfigurationPlatforms) = preSolution
		Debug|Any CPU = Debug|Any CPU
		Release|Any CPU = Release|Any CPU
	EndGlobalSection
	GlobalSection(SolutionProperties) = preSolution
		HideSolutionNode = FALSE
	EndGlobalSection
	GlobalSection(ProjectConfigurationPlatforms) = postSolution
		{3857CE6D-CF0F-4F14-B7DB-2C265AD61BF9}.Debug|Any CPU.ActiveCfg = Debug|Any CPU
		{3857CE6D-CF0F-4F14-B7DB-2C265AD61BF9}.Debug|Any CPU.Build.0 = Debug|Any CPU
		{3857CE6D-CF0F-4F14-B7DB-2C265AD61BF9}.Release|Any CPU.ActiveCfg = Release|Any CPU
		{3857CE6D-CF0F-4F14-B7DB-2C265AD61BF9}.Release|Any CPU.Build.0 = Release|Any CPU
		{714CC154-658A-4FF5-AC25-598BBF0175EE}.Debug|Any CPU.ActiveCfg = Debug|Any CPU
		{714CC154-658A-4FF5-AC25-598BBF0175EE}.Debug|Any CPU.Build.0 = Debug|Any CPU
		{714CC154-658A-4FF5-AC25-598BBF0175EE}.Release|Any CPU.ActiveCfg = Release|Any CPU
		{714CC154-658A-4FF5-AC25-598BBF0175EE}.Release|Any CPU.Build.0 = Release|Any CPU
		{D1D55A34-6F55-43DD-8E76-1199110A7684}.Debug|Any CPU.ActiveCfg = Debug|Any CPU
		{D1D55A34-6F55-43DD-8E76-1199110A7684}.Debug|Any CPU.Build.0 = Debug|Any CPU
		{D1D55A34-6F55-43DD-8E76-1199110A7684}.Release|Any CPU.ActiveCfg = Release|Any CPU
		{D1D55A34-6F55-43DD-8E76-1199110A7684}.Release|Any CPU.Build.0 = Release|Any CPU
		{C4C4FA91-9ADE-4BBE-8313-740A9194ACDC}.Debug|Any CPU.ActiveCfg = Debug|Any CPU
		{C4C4FA91-9ADE-4BBE-8313-740A9194ACDC}.Debug|Any CPU.Build.0 = Debug|Any CPU
		{C4C4FA91-9ADE-4BBE-8313-740A9194ACDC}.Release|Any CPU.ActiveCfg = Release|Any CPU
		{C4C4FA91-9ADE-4BBE-8313-740A9194ACDC}.Release|Any CPU.Build.0 = Release|Any CPU
	EndGlobalSection
EndGlobal
